
Microsoft Visual Studio Solution File, Format Version 12.00
# Visual Studio Version 16
VisualStudioVersion = 16.0.30320.27
MinimumVisualStudioVersion = 10.0.40219.1
Project("{FAE04EC0-301F-11D3-BF4B-00C04F79EFBC}") = "BackEnd", "BackEnd.csproj", "{9ACEC5B4-9804-4231-8220-6639A11E1EAE}"
EndProject
Global
	GlobalSection(SolutionConfigurationPlatforms) = preSolution
		Debug|Any CPU = Debug|Any CPU
		Release|Any CPU = Release|Any CPU
	EndGlobalSection
	GlobalSection(ProjectConfigurationPlatforms) = postSolution
		{9ACEC5B4-9804-4231-8220-6639A11E1EAE}.Debug|Any CPU.ActiveCfg = Debug|Any CPU
		{9ACEC5B4-9804-4231-8220-6639A11E1EAE}.Debug|Any CPU.Build.0 = Debug|Any CPU
		{9ACEC5B4-9804-4231-8220-6639A11E1EAE}.Release|Any CPU.ActiveCfg = Release|Any CPU
		{9ACEC5B4-9804-4231-8220-6639A11E1EAE}.Release|Any CPU.Build.0 = Release|Any CPU
	EndGlobalSection
	GlobalSection(SolutionProperties) = preSolution
		HideSolutionNode = FALSE
	EndGlobalSection
	GlobalSection(ExtensibilityGlobals) = postSolution
		SolutionGuid = {7A221D78-1E23-45E3-AD45-F40C323CE3EA}
	EndGlobalSection
EndGlobal
